
Microsoft Visual Studio Solution File, Format Version 12.00
# Visual Studio Version 17
VisualStudioVersion = 17.8.34525.116
MinimumVisualStudioVersion = 10.0.40219.1
Project("{FAE04EC0-301F-11D3-BF4B-00C04F79EFBC}") = "AuditorApp", "AuditorApp\AuditorApp.csproj", "{4EB19D84-ED42-45E9-A26A-43F0DDB9906E}"
EndProject
Global
	GlobalSection(SolutionConfigurationPlatforms) = preSolution
		Debug|Any CPU = Debug|Any CPU
		Release|Any CPU = Release|Any CPU
	EndGlobalSection
	GlobalSection(ProjectConfigurationPlatforms) = postSolution
		{4EB19D84-ED42-45E9-A26A-43F0DDB9906E}.Debug|Any CPU.ActiveCfg = Debug|Any CPU
		{4EB19D84-ED42-45E9-A26A-43F0DDB9906E}.Debug|Any CPU.Build.0 = Debug|Any CPU
		{4EB19D84-ED42-45E9-A26A-43F0DDB9906E}.Release|Any CPU.ActiveCfg = Release|Any CPU
		{4EB19D84-ED42-45E9-A26A-43F0DDB9906E}.Release|Any CPU.Build.0 = Release|Any CPU
	EndGlobalSection
	GlobalSection(SolutionProperties) = preSolution
		HideSolutionNode = FALSE
	EndGlobalSection
	GlobalSection(ExtensibilityGlobals) = postSolution
		SolutionGuid = {CF45FFD6-FD8C-4CE6-870C-776608F2F115}
	EndGlobalSection
EndGlobal
